
Microsoft Visual Studio Solution File, Format Version 12.00
# Visual Studio Version 17
VisualStudioVersion = 17.7.34031.279
MinimumVisualStudioVersion = 10.0.40219.1
Project("{FAE04EC0-301F-11D3-BF4B-00C04F79EFBC}") = "savichev23pr", "savichev23pr.csproj", "{961BBAA9-84F3-4C76-93C7-2237DC3F81FD}"
EndProject
Global
	GlobalSection(SolutionConfigurationPlatforms) = preSolution
		Debug|Any CPU = Debug|Any CPU
		Release|Any CPU = Release|Any CPU
	EndGlobalSection
	GlobalSection(ProjectConfigurationPlatforms) = postSolution
		{961BBAA9-84F3-4C76-93C7-2237DC3F81FD}.Debug|Any CPU.ActiveCfg = Debug|Any CPU
		{961BBAA9-84F3-4C76-93C7-2237DC3F81FD}.Debug|Any CPU.Build.0 = Debug|Any CPU
		{961BBAA9-84F3-4C76-93C7-2237DC3F81FD}.Release|Any CPU.ActiveCfg = Release|Any CPU
		{961BBAA9-84F3-4C76-93C7-2237DC3F81FD}.Release|Any CPU.Build.0 = Release|Any CPU
	EndGlobalSection
	GlobalSection(SolutionProperties) = preSolution
		HideSolutionNode = FALSE
	EndGlobalSection
	GlobalSection(ExtensibilityGlobals) = postSolution
		SolutionGuid = {BCD8D573-CBCD-4AB2-A068-281F97961FE3}
	EndGlobalSection
EndGlobal
